Microsoft Visual Studio Solution File, Format Version 12.00
# Visual Studio 14
VisualStudioVersion = 14.0.24720.0
MinimumVisualStudioVersion = 10.0.40219.1
Project("{FAE04EC0-301F-11D3-BF4B-00C04F79EFBC}") = "ConsoleAppTest", "ConsoleAppTest\ConsoleAppTest.csproj", "{1E8ABC23-6CA1-4594-8B0C-68E06E2BE8F3}"
EndProject
Project("{2150E333-8FDC-42A3-9474-1A3956D46DE8}") = "Ohada.BusinessBlock", "Ohada.BusinessBlock", "{E2A818DA-33A6-4022-B153-3E6785323FEB}"
EndProject
Project("{FAE04EC0-301F-11D3-BF4B-00C04F79EFBC}") = "Ohada.Business.Entity", "Ohada.Business.Entity\Ohada.Business.Entity.csproj", "{C205A2A7-33ED-445D-914A-9E962E9411B6}"
EndProject
Project("{2150E333-8FDC-42A3-9474-1A3956D46DE8}") = "Ohada.DataBlock", "Ohada.DataBlock", "{1D566E6D-BC80-47C0-8CC0-AA6096626187}"
EndProject
Project("{FAE04EC0-301F-11D3-BF4B-00C04F79EFBC}") = "Ohada.Data.Access", "Ohada.Data.Access\Ohada.Data.Access.csproj", "{6A34880A-4457-4A59-B486-8C4E3D35245F}"
EndProject
Project("{FAE04EC0-301F-11D3-BF4B-00C04F79EFBC}") = "Ohada.Data.OracleDb", "Ohada.Data.OracleDb\Ohada.Data.OracleDb.csproj", "{AA142813-A13B-44A9-BC33-914B7C3BD3DB}"
EndProject
Project("{FAE04EC0-301F-11D3-BF4B-00C04F79EFBC}") = "Ohada.Data.XmlFile", "Ohada.Data.XmlFile\Ohada.Data.XmlFile.csproj", "{76982945-A535-4586-A9C1-82F0544CD404}"
EndProject
Project("{2150E333-8FDC-42A3-9474-1A3956D46DE8}") = "OhadaUI", "OhadaUI", "{1AF2AC5E-E9CB-4E05-BD42-B3570FDAEA28}"
	ProjectSection(SolutionItems) = preProject
		..\..\..\..\..\Downloads\globe Afrique.jpg = ..\..\..\..\..\Downloads\globe Afrique.jpg
	EndProjectSection
EndProject
Project("{FAE04EC0-301F-11D3-BF4B-00C04F79EFBC}") = "OhadaUI", "OhadaUI\OhadaUI.csproj", "{9DC9F2DE-AF69-4F50-A170-45E54279A253}"
EndProject
Project("{FAE04EC0-301F-11D3-BF4B-00C04F79EFBC}") = "DataGridUserControls", "..\..\..\..\..\Downloads\Win_DataGridUserControls_demo\Source Code\DataGridUserControls\DataGridUserControls.csproj", "{9811BC36-D3BC-4C6D-8394-80E608DF354C}"
EndProject
Global
	GlobalSection(SolutionConfigurationPlatforms) = preSolution
		Debug|Any CPU = Debug|Any CPU
		Debug|x64 = Debug|x64
		Debug|x86 = Debug|x86
		Release|Any CPU = Release|Any CPU
		Release|x64 = Release|x64
		Release|x86 = Release|x86
	EndGlobalSection
	GlobalSection(ProjectConfigurationPlatforms) = postSolution
		{1E8ABC23-6CA1-4594-8B0C-68E06E2BE8F3}.Debug|Any CPU.ActiveCfg = Debug|Any CPU
		{1E8ABC23-6CA1-4594-8B0C-68E06E2BE8F3}.Debug|Any CPU.Build.0 = Debug|Any CPU
		{1E8ABC23-6CA1-4594-8B0C-68E06E2BE8F3}.Debug|x64.ActiveCfg = Debug|Any CPU
		{1E8ABC23-6CA1-4594-8B0C-68E06E2BE8F3}.Debug|x64.Build.0 = Debug|Any CPU
		{1E8ABC23-6CA1-4594-8B0C-68E06E2BE8F3}.Debug|x86.ActiveCfg = Debug|Any CPU
		{1E8ABC23-6CA1-4594-8B0C-68E06E2BE8F3}.Debug|x86.Build.0 = Debug|Any CPU
		{1E8ABC23-6CA1-4594-8B0C-68E06E2BE8F3}.Release|Any CPU.ActiveCfg = Release|Any CPU
		{1E8ABC23-6CA1-4594-8B0C-68E06E2BE8F3}.Release|Any CPU.Build.0 = Release|Any CPU
		{1E8ABC23-6CA1-4594-8B0C-68E06E2BE8F3}.Release|x64.ActiveCfg = Release|Any CPU
		{1E8ABC23-6CA1-4594-8B0C-68E06E2BE8F3}.Release|x86.ActiveCfg = Release|Any CPU
		{1E8ABC23-6CA1-4594-8B0C-68E06E2BE8F3}.Release|x86.Build.0 = Release|Any CPU
		{C205A2A7-33ED-445D-914A-9E962E9411B6}.Debug|Any CPU.ActiveCfg = Debug|Any CPU
		{C205A2A7-33ED-445D-914A-9E962E9411B6}.Debug|Any CPU.Build.0 = Debug|Any CPU
		{C205A2A7-33ED-445D-914A-9E962E9411B6}.Debug|x64.ActiveCfg = Debug|Any CPU
		{C205A2A7-33ED-445D-914A-9E962E9411B6}.Debug|x64.Build.0 = Debug|Any CPU
		{C205A2A7-33ED-445D-914A-9E962E9411B6}.Debug|x86.ActiveCfg = Debug|x86
		{C205A2A7-33ED-445D-914A-9E962E9411B6}.Debug|x86.Build.0 = Debug|x86
		{C205A2A7-33ED-445D-914A-9E962E9411B6}.Release|Any CPU.ActiveCfg = Release|Any CPU
		{C205A2A7-33ED-445D-914A-9E962E9411B6}.Release|Any CPU.Build.0 = Release|Any CPU
		{C205A2A7-33ED-445D-914A-9E962E9411B6}.Release|x64.ActiveCfg = Release|Any CPU
		{C205A2A7-33ED-445D-914A-9E962E9411B6}.Release|x64.Build.0 = Release|Any CPU
		{C205A2A7-33ED-445D-914A-9E962E9411B6}.Release|x86.ActiveCfg = Release|x86
		{C205A2A7-33ED-445D-914A-9E962E9411B6}.Release|x86.Build.0 = Release|x86
		{6A34880A-4457-4A59-B486-8C4E3D35245F}.Debug|Any CPU.ActiveCfg = Debug|Any CPU
		{6A34880A-4457-4A59-B486-8C4E3D35245F}.Debug|Any CPU.Build.0 = Debug|Any CPU
		{6A34880A-4457-4A59-B486-8C4E3D35245F}.Debug|x64.ActiveCfg = Debug|Any CPU
		{6A34880A-4457-4A59-B486-8C4E3D35245F}.Debug|x64.Build.0 = Debug|Any CPU
		{6A34880A-4457-4A59-B486-8C4E3D35245F}.Debug|x86.ActiveCfg = Debug|x86
		{6A34880A-4457-4A59-B486-8C4E3D35245F}.Debug|x86.Build.0 = Debug|x86
		{6A34880A-4457-4A59-B486-8C4E3D35245F}.Release|Any CPU.ActiveCfg = Release|Any CPU
		{6A34880A-4457-4A59-B486-8C4E3D35245F}.Release|Any CPU.Build.0 = Release|Any CPU
		{6A34880A-4457-4A59-B486-8C4E3D35245F}.Release|x64.ActiveCfg = Release|Any CPU
		{6A34880A-4457-4A59-B486-8C4E3D35245F}.Release|x64.Build.0 = Release|Any CPU
		{6A34880A-4457-4A59-B486-8C4E3D35245F}.Release|x86.ActiveCfg = Release|x86
		{6A34880A-4457-4A59-B486-8C4E3D35245F}.Release|x86.Build.0 = Release|x86
		{AA142813-A13B-44A9-BC33-914B7C3BD3DB}.Debug|Any CPU.ActiveCfg = Debug|Any CPU
		{AA142813-A13B-44A9-BC33-914B7C3BD3DB}.Debug|Any CPU.Build.0 = Debug|Any CPU
		{AA142813-A13B-44A9-BC33-914B7C3BD3DB}.Debug|x64.ActiveCfg = Debug|Any CPU
		{AA142813-A13B-44A9-BC33-914B7C3BD3DB}.Debug|x64.Build.0 = Debug|Any CPU
		{AA142813-A13B-44A9-BC33-914B7C3BD3DB}.Debug|x86.ActiveCfg = Debug|x86
		{AA142813-A13B-44A9-BC33-914B7C3BD3DB}.Debug|x86.Build.0 = Debug|x86
		{AA142813-A13B-44A9-BC33-914B7C3BD3DB}.Release|Any CPU.ActiveCfg = Release|Any CPU
		{AA142813-A13B-44A9-BC33-914B7C3BD3DB}.Release|Any CPU.Build.0 = Release|Any CPU
		{AA142813-A13B-44A9-BC33-914B7C3BD3DB}.Release|x64.ActiveCfg = Release|Any CPU
		{AA142813-A13B-44A9-BC33-914B7C3BD3DB}.Release|x64.Build.0 = Release|Any CPU
		{AA142813-A13B-44A9-BC33-914B7C3BD3DB}.Release|x86.ActiveCfg = Release|x86
		{AA142813-A13B-44A9-BC33-914B7C3BD3DB}.Release|x86.Build.0 = Release|x86
		{76982945-A535-4586-A9C1-82F0544CD404}.Debug|Any CPU.ActiveCfg = Debug|Any CPU
		{76982945-A535-4586-A9C1-82F0544CD404}.Debug|Any CPU.Build.0 = Debug|Any CPU
		{76982945-A535-4586-A9C1-82F0544CD404}.Debug|x64.ActiveCfg = Debug|Any CPU
		{76982945-A535-4586-A9C1-82F0544CD404}.Debug|x64.Build.0 = Debug|Any CPU
		{76982945-A535-4586-A9C1-82F0544CD404}.Debug|x86.ActiveCfg = Debug|x86
		{76982945-A535-4586-A9C1-82F0544CD404}.Debug|x86.Build.0 = Debug|x86
		{76982945-A535-4586-A9C1-82F0544CD404}.Release|Any CPU.ActiveCfg = Release|Any CPU
		{76982945-A535-4586-A9C1-82F0544CD404}.Release|Any CPU.Build.0 = Release|Any CPU
		{76982945-A535-4586-A9C1-82F0544CD404}.Release|x64.ActiveCfg = Release|Any CPU
		{76982945-A535-4586-A9C1-82F0544CD404}.Release|x64.Build.0 = Release|Any CPU
		{76982945-A535-4586-A9C1-82F0544CD404}.Release|x86.ActiveCfg = Release|x86
		{76982945-A535-4586-A9C1-82F0544CD404}.Release|x86.Build.0 = Release|x86
		{9DC9F2DE-AF69-4F50-A170-45E54279A253}.Debug|Any CPU.ActiveCfg = Debug|Any CPU
		{9DC9F2DE-AF69-4F50-A170-45E54279A253}.Debug|Any CPU.Build.0 = Debug|Any CPU
		{9DC9F2DE-AF69-4F50-A170-45E54279A253}.Debug|x64.ActiveCfg = Debug|Any CPU
		{9DC9F2DE-AF69-4F50-A170-45E54279A253}.Debug|x64.Build.0 = Debug|Any CPU
		{9DC9F2DE-AF69-4F50-A170-45E54279A253}.Debug|x86.ActiveCfg = Debug|Any CPU
		{9DC9F2DE-AF69-4F50-A170-45E54279A253}.Debug|x86.Build.0 = Debug|Any CPU
		{9DC9F2DE-AF69-4F50-A170-45E54279A253}.Release|Any CPU.ActiveCfg = Release|Any CPU
		{9DC9F2DE-AF69-4F50-A170-45E54279A253}.Release|Any CPU.Build.0 = Release|Any CPU
		{9DC9F2DE-AF69-4F50-A170-45E54279A253}.Release|x64.ActiveCfg = Release|Any CPU
		{9DC9F2DE-AF69-4F50-A170-45E54279A253}.Release|x86.ActiveCfg = Release|Any CPU
		{9DC9F2DE-AF69-4F50-A170-45E54279A253}.Release|x86.Build.0 = Release|Any CPU
		{9811BC36-D3BC-4C6D-8394-80E608DF354C}.Debug|Any CPU.ActiveCfg = Debug|Any CPU
		{9811BC36-D3BC-4C6D-8394-80E608DF354C}.Debug|Any CPU.Build.0 = Debug|Any CPU
		{9811BC36-D3BC-4C6D-8394-80E608DF354C}.Debug|x64.ActiveCfg = Debug|Any CPU
		{9811BC36-D3BC-4C6D-8394-80E608DF354C}.Debug|x64.Build.0 = Debug|Any CPU
		{9811BC36-D3BC-4C6D-8394-80E608DF354C}.Debug|x86.ActiveCfg = Debug|Any CPU
		{9811BC36-D3BC-4C6D-8394-80E608DF354C}.Debug|x86.Build.0 = Debug|Any CPU
		{9811BC36-D3BC-4C6D-8394-80E608DF354C}.Release|Any CPU.ActiveCfg = Release|Any CPU
		{9811BC36-D3BC-4C6D-8394-80E608DF354C}.Release|Any CPU.Build.0 = Release|Any CPU
		{9811BC36-D3BC-4C6D-8394-80E608DF354C}.Release|x64.ActiveCfg = Release|Any CPU
		{9811BC36-D3BC-4C6D-8394-80E608DF354C}.Release|x64.Build.0 = Release|Any CPU
		{9811BC36-D3BC-4C6D-8394-80E608DF354C}.Release|x86.ActiveCfg = Release|Any CPU
		{9811BC36-D3BC-4C6D-8394-80E608DF354C}.Release|x86.Build.0 = Release|Any CPU
	EndGlobalSection
	GlobalSection(SolutionProperties) = preSolution
		HideSolutionNode = FALSE
	EndGlobalSection
	GlobalSection(NestedProjects) = preSolution
		{C205A2A7-33ED-445D-914A-9E962E9411B6} = {E2A818DA-33A6-4022-B153-3E6785323FEB}
		{6A34880A-4457-4A59-B486-8C4E3D35245F} = {1D566E6D-BC80-47C0-8CC0-AA6096626187}
		{AA142813-A13B-44A9-BC33-914B7C3BD3DB} = {1D566E6D-BC80-47C0-8CC0-AA6096626187}
		{76982945-A535-4586-A9C1-82F0544CD404} = {1D566E6D-BC80-47C0-8CC0-AA6096626187}
		{9DC9F2DE-AF69-4F50-A170-45E54279A253} = {1AF2AC5E-E9CB-4E05-BD42-B3570FDAEA28}
	EndGlobalSection
EndGlobal
